
Microsoft Visual Studio Solution File, Format Version 11.00
# Visual Studio 2010
Project("{FAE04EC0-301F-11D3-BF4B-00C04F79EFBC}") = "BDOPayrollReporter.Business", "03 EP\03 CO\BDOPayrollReporter.Business\BDOPayrollReporter.Business.csproj", "{0C978457-340D-417C-ACC1-C2F339946EBC}"
EndProject
Project("{2150E333-8FDC-42A3-9474-1A3956D46DE8}") = "02 PP", "02 PP", "{7951463C-1063-41F5-B10A-0137BD76B938}"
EndProject
Project("{2150E333-8FDC-42A3-9474-1A3956D46DE8}") = "03 EP", "03 EP", "{46835A81-BC88-4CDA-9C77-58ED13896E25}"
EndProject
Project("{2150E333-8FDC-42A3-9474-1A3956D46DE8}") = "04 CO", "04 CO", "{9F2AC479-D178-434E-8DD7-D903829043ED}"
EndProject
Project("{2150E333-8FDC-42A3-9474-1A3956D46DE8}") = "02 AEP", "02 AEP", "{FC6D19E3-4FF8-49AF-B3C9-CD0F8E3C0C34}"
	ProjectSection(SolutionItems) = preProject
		02 PP\02 AEP\PP0208_Plan_Actividades.mpp = 02 PP\02 AEP\PP0208_Plan_Actividades.mpp
	EndProjectSection
EndProject
Project("{FAE04EC0-301F-11D3-BF4B-00C04F79EFBC}") = "BDOPayrollReporter", "03 EP\03 CO\BDOPayrollReporter\BDOPayrollReporter.csproj", "{AE95817E-4C4D-4172-943D-40581ADCE48C}"
EndProject
Global
	GlobalSection(SolutionConfigurationPlatforms) = preSolution
		Debug|Any CPU = Debug|Any CPU
		Release|Any CPU = Release|Any CPU
	EndGlobalSection
	GlobalSection(ProjectConfigurationPlatforms) = postSolution
		{0C978457-340D-417C-ACC1-C2F339946EBC}.Debug|Any CPU.ActiveCfg = Debug|Any CPU
		{0C978457-340D-417C-ACC1-C2F339946EBC}.Debug|Any CPU.Build.0 = Debug|Any CPU
		{0C978457-340D-417C-ACC1-C2F339946EBC}.Release|Any CPU.ActiveCfg = Release|Any CPU
		{0C978457-340D-417C-ACC1-C2F339946EBC}.Release|Any CPU.Build.0 = Release|Any CPU
		{AE95817E-4C4D-4172-943D-40581ADCE48C}.Debug|Any CPU.ActiveCfg = Debug|Any CPU
		{AE95817E-4C4D-4172-943D-40581ADCE48C}.Debug|Any CPU.Build.0 = Debug|Any CPU
		{AE95817E-4C4D-4172-943D-40581ADCE48C}.Release|Any CPU.ActiveCfg = Release|Any CPU
		{AE95817E-4C4D-4172-943D-40581ADCE48C}.Release|Any CPU.Build.0 = Release|Any CPU
	EndGlobalSection
	GlobalSection(SolutionProperties) = preSolution
		HideSolutionNode = FALSE
	EndGlobalSection
	GlobalSection(NestedProjects) = preSolution
		{FC6D19E3-4FF8-49AF-B3C9-CD0F8E3C0C34} = {7951463C-1063-41F5-B10A-0137BD76B938}
		{9F2AC479-D178-434E-8DD7-D903829043ED} = {46835A81-BC88-4CDA-9C77-58ED13896E25}
		{0C978457-340D-417C-ACC1-C2F339946EBC} = {9F2AC479-D178-434E-8DD7-D903829043ED}
		{AE95817E-4C4D-4172-943D-40581ADCE48C} = {9F2AC479-D178-434E-8DD7-D903829043ED}
	EndGlobalSection
EndGlobal
